// !$*UTF8*$!
{
	archiveVersion = 1;
	classes = {
	};
	objectVersion = 50;
	objects = {

/* Begin PBXBuildFile section */
		6B2A2B9726277F290024D307 /* CheckOffItemButton.swift in Sources */ = {isa = PBXBuildFile; fileRef = 6B2A2B9626277F290024D307 /* CheckOffItemButton.swift */; };
		6B31AB842620982C004E240A /* RecipesForTheWeekView.swift in Sources */ = {isa = PBXBuildFile; fileRef = 6B31AB832620982C004E240A /* RecipesForTheWeekView.swift */; };
		6B31AB862620BC62004E240A /* RecipesForTheWeekViewModel.swift in Sources */ = {isa = PBXBuildFile; fileRef = 6B31AB852620BC62004E240A /* RecipesForTheWeekViewModel.swift */; };
		6B31AB882620C0C6004E240A /* RecipesForThisWeekHeaderView.swift in Sources */ = {isa = PBXBuildFile; fileRef = 6B31AB872620C0C6004E240A /* RecipesForThisWeekHeaderView.swift */; };
		6B31AB8A2620D458004E240A /* EditRecipeForThisWeek.swift in Sources */ = {isa = PBXBuildFile; fileRef = 6B31AB892620D458004E240A /* EditRecipeForThisWeek.swift */; };
		6B31AB8C2621CB77004E240A /* SundayListSectionViewModel.swift in Sources */ = {isa = PBXBuildFile; fileRef = 6B31AB8B2621CB77004E240A /* SundayListSectionViewModel.swift */; };
		6B31AB8E2621F120004E240A /* EditRecipeForMealView.swift in Sources */ = {isa = PBXBuildFile; fileRef = 6B31AB8D2621F120004E240A /* EditRecipeForMealView.swift */; };
		6B31AB9526223193004E240A /* MondayListSectionViewModel.swift in Sources */ = {isa = PBXBuildFile; fileRef = 6B31AB9426223193004E240A /* MondayListSectionViewModel.swift */; };
		6B31AB982622324F004E240A /* TuesdayListSectionViewModel.swift in Sources */ = {isa = PBXBuildFile; fileRef = 6B31AB972622324F004E240A /* TuesdayListSectionViewModel.swift */; };
		6B31AB9B26223269004E240A /* WednesdayListSectionViewModel.swift in Sources */ = {isa = PBXBuildFile; fileRef = 6B31AB9A26223269004E240A /* WednesdayListSectionViewModel.swift */; };
		6B31AB9E2622327F004E240A /* ThursdayListSectionViewModel.swift in Sources */ = {isa = PBXBuildFile; fileRef = 6B31AB9D2622327F004E240A /* ThursdayListSectionViewModel.swift */; };
		6B31ABA12622328F004E240A /* FridayListSectionViewModel.swift in Sources */ = {isa = PBXBuildFile; fileRef = 6B31ABA02622328F004E240A /* FridayListSectionViewModel.swift */; };
		6B31ABA4262232A5004E240A /* SaturdayListSectionViewModel.swift in Sources */ = {isa = PBXBuildFile; fileRef = 6B31ABA3262232A5004E240A /* SaturdayListSectionViewModel.swift */; };
		6B31ABA62623CFAB004E240A /* SavedItemRow.swift in Sources */ = {isa = PBXBuildFile; fileRef = 6B31ABA52623CFAB004E240A /* SavedItemRow.swift */; };
		6B31ABA82623CFE1004E240A /* SavedItemRowViewModel.swift in Sources */ = {isa = PBXBuildFile; fileRef = 6B31ABA72623CFE1004E240A /* SavedItemRowViewModel.swift */; };
		6B5850D22617A08000DDA49F /* HomeViewModel.swift in Sources */ = {isa = PBXBuildFile; fileRef = 6B5850D12617A08000DDA49F /* HomeViewModel.swift */; };
		6B5850D4261881B900DDA49F /* ItemRowViewModel.swift in Sources */ = {isa = PBXBuildFile; fileRef = 6B5850D3261881B900DDA49F /* ItemRowViewModel.swift */; };
		6B5850E0261A709000DDA49F /* SavedRecipeView.swift in Sources */ = {isa = PBXBuildFile; fileRef = 6B5850DF261A709000DDA49F /* SavedRecipeView.swift */; };
		6B5850E2261A70EF00DDA49F /* SavedRecipeViewModel.swift in Sources */ = {isa = PBXBuildFile; fileRef = 6B5850E1261A70EF00DDA49F /* SavedRecipeViewModel.swift */; };
		6B5850E4261A7C5200DDA49F /* EditSavedRecipeView.swift in Sources */ = {isa = PBXBuildFile; fileRef = 6B5850E3261A7C5200DDA49F /* EditSavedRecipeView.swift */; };
		6B5850E6261A7D6C00DDA49F /* SavedRecipeHeaderView.swift in Sources */ = {isa = PBXBuildFile; fileRef = 6B5850E5261A7D6C00DDA49F /* SavedRecipeHeaderView.swift */; };
		6B8EE78F2617776500F95B9A /* ProjectsViewModel.swift in Sources */ = {isa = PBXBuildFile; fileRef = 6B8EE78E2617776500F95B9A /* ProjectsViewModel.swift */; };
		6BB39E302625FA7800BEAAE7 /* HomeBackGroundView.swift in Sources */ = {isa = PBXBuildFile; fileRef = 6BB39E2F2625FA7800BEAAE7 /* HomeBackGroundView.swift */; };
		6BC00F112603DD9700C76453 /* ProjectOrganizerApp.swift in Sources */ = {isa = PBXBuildFile; fileRef = 6BC00F102603DD9700C76453 /* ProjectOrganizerApp.swift */; };
		6BC00F132603DD9700C76453 /* ContentView.swift in Sources */ = {isa = PBXBuildFile; fileRef = 6BC00F122603DD9700C76453 /* ContentView.swift */; };
		6BC00F152603DD9900C76453 /* Assets.xcassets in Resources */ = {isa = PBXBuildFile; fileRef = 6BC00F142603DD9900C76453 /* Assets.xcassets */; };
		6BC00F182603DD9900C76453 /* Preview Assets.xcassets in Resources */ = {isa = PBXBuildFile; fileRef = 6BC00F172603DD9900C76453 /* Preview Assets.xcassets */; };
		6BC00F272603E33300C76453 /* HomeView.swift in Sources */ = {isa = PBXBuildFile; fileRef = 6BC00F262603E33300C76453 /* HomeView.swift */; };
		6BC00F292603E34F00C76453 /* ItemListView.swift in Sources */ = {isa = PBXBuildFile; fileRef = 6BC00F282603E34F00C76453 /* ItemListView.swift */; };
		6BC00F2B2603E36200C76453 /* ProjectSummaryView.swift in Sources */ = {isa = PBXBuildFile; fileRef = 6BC00F2A2603E36200C76453 /* ProjectSummaryView.swift */; };
		6BC00F2D2603E37D00C76453 /* ProjectsView.swift in Sources */ = {isa = PBXBuildFile; fileRef = 6BC00F2C2603E37D00C76453 /* ProjectsView.swift */; };
		6BC00F2F2603E39100C76453 /* SelectSomethingView.swift in Sources */ = {isa = PBXBuildFile; fileRef = 6BC00F2E2603E39100C76453 /* SelectSomethingView.swift */; };
		6BC00F312603E39F00C76453 /* ProjectHeaderView.swift in Sources */ = {isa = PBXBuildFile; fileRef = 6BC00F302603E39F00C76453 /* ProjectHeaderView.swift */; };
		6BC00F332603E3AE00C76453 /* ItemRowView.swift in Sources */ = {isa = PBXBuildFile; fileRef = 6BC00F322603E3AE00C76453 /* ItemRowView.swift */; };
		6BC00F352603E3BD00C76453 /* EditProjectView.swift in Sources */ = {isa = PBXBuildFile; fileRef = 6BC00F342603E3BD00C76453 /* EditProjectView.swift */; };
		6BC00F372603E3D000C76453 /* EditItemView.swift in Sources */ = {isa = PBXBuildFile; fileRef = 6BC00F362603E3D000C76453 /* EditItemView.swift */; };
		6BC00F392603E45100C76453 /* AwardsView.swift in Sources */ = {isa = PBXBuildFile; fileRef = 6BC00F382603E45100C76453 /* AwardsView.swift */; };
		6BC00F3B2603E46300C76453 /* Award.swift in Sources */ = {isa = PBXBuildFile; fileRef = 6BC00F3A2603E46300C76453 /* Award.swift */; };
		6BC00F3D2603E49700C76453 /* Awards.json in Resources */ = {isa = PBXBuildFile; fileRef = 6BC00F3C2603E49700C76453 /* Awards.json */; };
		6BC00F402603E4C300C76453 /* DataController.swift in Sources */ = {isa = PBXBuildFile; fileRef = 6BC00F3F2603E4C300C76453 /* DataController.swift */; };
		6BC00F432603E4FF00C76453 /* Localizable.strings in Resources */ = {isa = PBXBuildFile; fileRef = 6BC00F422603E4FF00C76453 /* Localizable.strings */; };
		6BC00F472603E5C200C76453 /* Localizable.stringsdict in Resources */ = {isa = PBXBuildFile; fileRef = 6BC00F462603E5C200C76453 /* Localizable.stringsdict */; };
		6BC00F4A2603E61500C76453 /* Main.xcdatamodeld in Sources */ = {isa = PBXBuildFile; fileRef = 6BC00F482603E61500C76453 /* Main.xcdatamodeld */; };
		6BC00F4D2603E66000C76453 /* Bundle-Decodable.swift in Sources */ = {isa = PBXBuildFile; fileRef = 6BC00F4C2603E66000C76453 /* Bundle-Decodable.swift */; };
		6BC00F4F2603E67900C76453 /* Blur-Extension.swift in Sources */ = {isa = PBXBuildFile; fileRef = 6BC00F4E2603E67900C76453 /* Blur-Extension.swift */; };
		6BC00F512603E68800C76453 /* Sequence-Extension.swift in Sources */ = {isa = PBXBuildFile; fileRef = 6BC00F502603E68800C76453 /* Sequence-Extension.swift */; };
		6BC00F532603E69E00C76453 /* Binding-OnChange.swift in Sources */ = {isa = PBXBuildFile; fileRef = 6BC00F522603E69E00C76453 /* Binding-OnChange.swift */; };
		6BC00F552603E7A000C76453 /* Color-Additions.swift in Sources */ = {isa = PBXBuildFile; fileRef = 6BC00F542603E7A000C76453 /* Color-Additions.swift */; };
		6BC00F572603E7B900C76453 /* Projects-CoreDataHelpers.swift in Sources */ = {isa = PBXBuildFile; fileRef = 6BC00F562603E7B900C76453 /* Projects-CoreDataHelpers.swift */; };
		6BC00F592603E7C800C76453 /* Item-CoreDataHelpers.swift in Sources */ = {isa = PBXBuildFile; fileRef = 6BC00F582603E7C800C76453 /* Item-CoreDataHelpers.swift */; };
		6BC00F5B2603E89400C76453 /* Colors.xcassets in Resources */ = {isa = PBXBuildFile; fileRef = 6BC00F5A2603E89400C76453 /* Colors.xcassets */; };
		6BC00F682603ED3700C76453 /* ProjectOrganizerTests.swift in Sources */ = {isa = PBXBuildFile; fileRef = 6BC00F672603ED3700C76453 /* ProjectOrganizerTests.swift */; };
		6BC00F702603ED9100C76453 /* AssetTest.swift in Sources */ = {isa = PBXBuildFile; fileRef = 6BC00F6F2603ED9100C76453 /* AssetTest.swift */; };
		6BC00F722603EDB000C76453 /* ProjectsTest.swift in Sources */ = {isa = PBXBuildFile; fileRef = 6BC00F712603EDB000C76453 /* ProjectsTest.swift */; };
		6BC00F742603EDD200C76453 /* AwardTests.swift in Sources */ = {isa = PBXBuildFile; fileRef = 6BC00F732603EDD200C76453 /* AwardTests.swift */; };
		6BC00F762603EDEA00C76453 /* DevelopmentTests.swift in Sources */ = {isa = PBXBuildFile; fileRef = 6BC00F752603EDEA00C76453 /* DevelopmentTests.swift */; };
		6BC00F782603EE0A00C76453 /* ExtensionTests.swift in Sources */ = {isa = PBXBuildFile; fileRef = 6BC00F772603EE0A00C76453 /* ExtensionTests.swift */; };
		6BC00F7B2603EE9B00C76453 /* DecodableDictionary.json in Resources */ = {isa = PBXBuildFile; fileRef = 6BC00F7A2603EE9B00C76453 /* DecodableDictionary.json */; };
		6BC00F7D2603EEAF00C76453 /* DecodableString.json in Resources */ = {isa = PBXBuildFile; fileRef = 6BC00F7C2603EEAF00C76453 /* DecodableString.json */; };
		6BC00F7F2603FB7000C76453 /* PerformanceTests.swift in Sources */ = {isa = PBXBuildFile; fileRef = 6BC00F7E2603FB7000C76453 /* PerformanceTests.swift */; };
		6BC00F872604185600C76453 /* ProjectOrganizerUITests.swift in Sources */ = {isa = PBXBuildFile; fileRef = 6BC00F862604185600C76453 /* ProjectOrganizerUITests.swift */; };
/* End PBXBuildFile section */

/* Begin PBXContainerItemProxy section */
		6BC00F6A2603ED3700C76453 /* PBXContainerItemProxy */ = {
			isa = PBXContainerItemProxy;
			containerPortal = 6BC00F052603DD9700C76453 /* Project object */;
			proxyType = 1;
			remoteGlobalIDString = 6BC00F0C2603DD9700C76453;
			remoteInfo = ProjectOrganizer;
		};
		6BC00F892604185600C76453 /* PBXContainerItemProxy */ = {
			isa = PBXContainerItemProxy;
			containerPortal = 6BC00F052603DD9700C76453 /* Project object */;
			proxyType = 1;
			remoteGlobalIDString = 6BC00F0C2603DD9700C76453;
			remoteInfo = ProjectOrganizer;
		};
/* End PBXContainerItemProxy section */

/* Begin PBXFileReference section */
		6B2A2B9626277F290024D307 /* CheckOffItemButton.swift */ = {isa = PBXFileReference; lastKnownFileType = sourcecode.swift; path = CheckOffItemButton.swift; sourceTree = "<group>"; };
		6B31AB832620982C004E240A /* RecipesForTheWeekView.swift */ = {isa = PBXFileReference; lastKnownFileType = sourcecode.swift; path = RecipesForTheWeekView.swift; sourceTree = "<group>"; };
		6B31AB852620BC62004E240A /* RecipesForTheWeekViewModel.swift */ = {isa = PBXFileReference; lastKnownFileType = sourcecode.swift; path = RecipesForTheWeekViewModel.swift; sourceTree = "<group>"; };
		6B31AB872620C0C6004E240A /* RecipesForThisWeekHeaderView.swift */ = {isa = PBXFileReference; lastKnownFileType = sourcecode.swift; path = RecipesForThisWeekHeaderView.swift; sourceTree = "<group>"; };
		6B31AB892620D458004E240A /* EditRecipeForThisWeek.swift */ = {isa = PBXFileReference; lastKnownFileType = sourcecode.swift; path = EditRecipeForThisWeek.swift; sourceTree = "<group>"; };
		6B31AB8B2621CB77004E240A /* SundayListSectionViewModel.swift */ = {isa = PBXFileReference; lastKnownFileType = sourcecode.swift; path = SundayListSectionViewModel.swift; sourceTree = "<group>"; };
		6B31AB8D2621F120004E240A /* EditRecipeForMealView.swift */ = {isa = PBXFileReference; lastKnownFileType = sourcecode.swift; path = EditRecipeForMealView.swift; sourceTree = "<group>"; };
		6B31AB9426223193004E240A /* MondayListSectionViewModel.swift */ = {isa = PBXFileReference; lastKnownFileType = sourcecode.swift; path = MondayListSectionViewModel.swift; sourceTree = "<group>"; };
		6B31AB972622324F004E240A /* TuesdayListSectionViewModel.swift */ = {isa = PBXFileReference; lastKnownFileType = sourcecode.swift; path = TuesdayListSectionViewModel.swift; sourceTree = "<group>"; };
		6B31AB9A26223269004E240A /* WednesdayListSectionViewModel.swift */ = {isa = PBXFileReference; lastKnownFileType = sourcecode.swift; path = WednesdayListSectionViewModel.swift; sourceTree = "<group>"; };
		6B31AB9D2622327F004E240A /* ThursdayListSectionViewModel.swift */ = {isa = PBXFileReference; lastKnownFileType = sourcecode.swift; path = ThursdayListSectionViewModel.swift; sourceTree = "<group>"; };
		6B31ABA02622328F004E240A /* FridayListSectionViewModel.swift */ = {isa = PBXFileReference; lastKnownFileType = sourcecode.swift; path = FridayListSectionViewModel.swift; sourceTree = "<group>"; };
		6B31ABA3262232A5004E240A /* SaturdayListSectionViewModel.swift */ = {isa = PBXFileReference; lastKnownFileType = sourcecode.swift; path = SaturdayListSectionViewModel.swift; sourceTree = "<group>"; };
		6B31ABA52623CFAB004E240A /* SavedItemRow.swift */ = {isa = PBXFileReference; lastKnownFileType = sourcecode.swift; path = SavedItemRow.swift; sourceTree = "<group>"; };
		6B31ABA72623CFE1004E240A /* SavedItemRowViewModel.swift */ = {isa = PBXFileReference; lastKnownFileType = sourcecode.swift; path = SavedItemRowViewModel.swift; sourceTree = "<group>"; };
		6B5850D12617A08000DDA49F /* HomeViewModel.swift */ = {isa = PBXFileReference; lastKnownFileType = sourcecode.swift; path = HomeViewModel.swift; sourceTree = "<group>"; };
		6B5850D3261881B900DDA49F /* ItemRowViewModel.swift */ = {isa = PBXFileReference; lastKnownFileType = sourcecode.swift; path = ItemRowViewModel.swift; sourceTree = "<group>"; };
		6B5850DF261A709000DDA49F /* SavedRecipeView.swift */ = {isa = PBXFileReference; lastKnownFileType = sourcecode.swift; path = SavedRecipeView.swift; sourceTree = "<group>"; };
		6B5850E1261A70EF00DDA49F /* SavedRecipeViewModel.swift */ = {isa = PBXFileReference; lastKnownFileType = sourcecode.swift; path = SavedRecipeViewModel.swift; sourceTree = "<group>"; };
		6B5850E3261A7C5200DDA49F /* EditSavedRecipeView.swift */ = {isa = PBXFileReference; lastKnownFileType = sourcecode.swift; path = EditSavedRecipeView.swift; sourceTree = "<group>"; };
		6B5850E5261A7D6C00DDA49F /* SavedRecipeHeaderView.swift */ = {isa = PBXFileReference; lastKnownFileType = sourcecode.swift; path = SavedRecipeHeaderView.swift; sourceTree = "<group>"; };
		6B8EE78E2617776500F95B9A /* ProjectsViewModel.swift */ = {isa = PBXFileReference; lastKnownFileType = sourcecode.swift; path = ProjectsViewModel.swift; sourceTree = "<group>"; };
		6BB39E2F2625FA7800BEAAE7 /* HomeBackGroundView.swift */ = {isa = PBXFileReference; lastKnownFileType = sourcecode.swift; path = HomeBackGroundView.swift; sourceTree = "<group>"; };
		6BC00F0D2603DD9700C76453 /* ProjectOrganizer.app */ = {isa = PBXFileReference; explicitFileType = wrapper.application; includeInIndex = 0; path = ProjectOrganizer.app; sourceTree = BUILT_PRODUCTS_DIR; };
		6BC00F102603DD9700C76453 /* ProjectOrganizerApp.swift */ = {isa = PBXFileReference; lastKnownFileType = sourcecode.swift; path = ProjectOrganizerApp.swift; sourceTree = "<group>"; };
		6BC00F122603DD9700C76453 /* ContentView.swift */ = {isa = PBXFileReference; lastKnownFileType = sourcecode.swift; path = ContentView.swift; sourceTree = "<group>"; };
		6BC00F142603DD9900C76453 /* Assets.xcassets */ = {isa = PBXFileReference; lastKnownFileType = folder.assetcatalog; path = Assets.xcassets; sourceTree = "<group>"; };
		6BC00F172603DD9900C76453 /* Preview Assets.xcassets */ = {isa = PBXFileReference; lastKnownFileType = folder.assetcatalog; path = "Preview Assets.xcassets"; sourceTree = "<group>"; };
		6BC00F192603DD9900C76453 /* Info.plist */ = {isa = PBXFileReference; lastKnownFileType = text.plist.xml; path = Info.plist; sourceTree = "<group>"; };
		6BC00F262603E33300C76453 /* HomeView.swift */ = {isa = PBXFileReference; lastKnownFileType = sourcecode.swift; path = HomeView.swift; sourceTree = "<group>"; };
		6BC00F282603E34F00C76453 /* ItemListView.swift */ = {isa = PBXFileReference; lastKnownFileType = sourcecode.swift; path = ItemListView.swift; sourceTree = "<group>"; };
		6BC00F2A2603E36200C76453 /* ProjectSummaryView.swift */ = {isa = PBXFileReference; lastKnownFileType = sourcecode.swift; path = ProjectSummaryView.swift; sourceTree = "<group>"; };
		6BC00F2C2603E37D00C76453 /* ProjectsView.swift */ = {isa = PBXFileReference; lastKnownFileType = sourcecode.swift; path = ProjectsView.swift; sourceTree = "<group>"; };
		6BC00F2E2603E39100C76453 /* SelectSomethingView.swift */ = {isa = PBXFileReference; lastKnownFileType = sourcecode.swift; path = SelectSomethingView.swift; sourceTree = "<group>"; };
		6BC00F302603E39F00C76453 /* ProjectHeaderView.swift */ = {isa = PBXFileReference; lastKnownFileType = sourcecode.swift; path = ProjectHeaderView.swift; sourceTree = "<group>"; };
		6BC00F322603E3AE00C76453 /* ItemRowView.swift */ = {isa = PBXFileReference; lastKnownFileType = sourcecode.swift; path = ItemRowView.swift; sourceTree = "<group>"; };
		6BC00F342603E3BD00C76453 /* EditProjectView.swift */ = {isa = PBXFileReference; lastKnownFileType = sourcecode.swift; path = EditProjectView.swift; sourceTree = "<group>"; };
		6BC00F362603E3D000C76453 /* EditItemView.swift */ = {isa = PBXFileReference; lastKnownFileType = sourcecode.swift; path = EditItemView.swift; sourceTree = "<group>"; };
		6BC00F382603E45100C76453 /* AwardsView.swift */ = {isa = PBXFileReference; lastKnownFileType = sourcecode.swift; path = AwardsView.swift; sourceTree = "<group>"; };
		6BC00F3A2603E46300C76453 /* Award.swift */ = {isa = PBXFileReference; lastKnownFileType = sourcecode.swift; path = Award.swift; sourceTree = "<group>"; };
		6BC00F3C2603E49700C76453 /* Awards.json */ = {isa = PBXFileReference; lastKnownFileType = text.json; path = Awards.json; sourceTree = "<group>"; };
		6BC00F3F2603E4C300C76453 /* DataController.swift */ = {isa = PBXFileReference; lastKnownFileType = sourcecode.swift; path = DataController.swift; sourceTree = "<group>"; };
		6BC00F422603E4FF00C76453 /* Localizable.strings */ = {isa = PBXFileReference; lastKnownFileType = text.plist.strings; path = Localizable.strings; sourceTree = "<group>"; };
		6BC00F462603E5C200C76453 /* Localizable.stringsdict */ = {isa = PBXFileReference; fileEncoding = 4; lastKnownFileType = text.plist.stringsdict; name = Localizable.stringsdict; path = ../../../UltimatePortfolio/UltimatePortfolio/Localization/Localizable.stringsdict; sourceTree = "<group>"; };
		6BC00F492603E61500C76453 /* Main.xcdatamodel */ = {isa = PBXFileReference; lastKnownFileType = wrapper.xcdatamodel; path = Main.xcdatamodel; sourceTree = "<group>"; };
		6BC00F4C2603E66000C76453 /* Bundle-Decodable.swift */ = {isa = PBXFileReference; lastKnownFileType = sourcecode.swift; path = "Bundle-Decodable.swift"; sourceTree = "<group>"; };
		6BC00F4E2603E67900C76453 /* Blur-Extension.swift */ = {isa = PBXFileReference; lastKnownFileType = sourcecode.swift; path = "Blur-Extension.swift"; sourceTree = "<group>"; };
		6BC00F502603E68800C76453 /* Sequence-Extension.swift */ = {isa = PBXFileReference; lastKnownFileType = sourcecode.swift; path = "Sequence-Extension.swift"; sourceTree = "<group>"; };
		6BC00F522603E69E00C76453 /* Binding-OnChange.swift */ = {isa = PBXFileReference; lastKnownFileType = sourcecode.swift; path = "Binding-OnChange.swift"; sourceTree = "<group>"; };
		6BC00F542603E7A000C76453 /* Color-Additions.swift */ = {isa = PBXFileReference; lastKnownFileType = sourcecode.swift; path = "Color-Additions.swift"; sourceTree = "<group>"; };
		6BC00F562603E7B900C76453 /* Projects-CoreDataHelpers.swift */ = {isa = PBXFileReference; lastKnownFileType = sourcecode.swift; path = "Projects-CoreDataHelpers.swift"; sourceTree = "<group>"; };
		6BC00F582603E7C800C76453 /* Item-CoreDataHelpers.swift */ = {isa = PBXFileReference; lastKnownFileType = sourcecode.swift; path = "Item-CoreDataHelpers.swift"; sourceTree = "<group>"; };
		6BC00F5A2603E89400C76453 /* Colors.xcassets */ = {isa = PBXFileReference; lastKnownFileType = folder.assetcatalog; path = Colors.xcassets; sourceTree = "<group>"; };
		6BC00F652603ED3700C76453 /* ProjectOrganizerTests.xctest */ = {isa = PBXFileReference; explicitFileType = wrapper.cfbundle; includeInIndex = 0; path = ProjectOrganizerTests.xctest; sourceTree = BUILT_PRODUCTS_DIR; };
		6BC00F672603ED3700C76453 /* ProjectOrganizerTests.swift */ = {isa = PBXFileReference; lastKnownFileType = sourcecode.swift; path = ProjectOrganizerTests.swift; sourceTree = "<group>"; };
		6BC00F692603ED3700C76453 /* Info.plist */ = {isa = PBXFileReference; lastKnownFileType = text.plist.xml; path = Info.plist; sourceTree = "<group>"; };
		6BC00F6F2603ED9100C76453 /* AssetTest.swift */ = {isa = PBXFileReference; lastKnownFileType = sourcecode.swift; path = AssetTest.swift; sourceTree = "<group>"; };
		6BC00F712603EDB000C76453 /* ProjectsTest.swift */ = {isa = PBXFileReference; lastKnownFileType = sourcecode.swift; path = ProjectsTest.swift; sourceTree = "<group>"; };
		6BC00F732603EDD200C76453 /* AwardTests.swift */ = {isa = PBXFileReference; lastKnownFileType = sourcecode.swift; path = AwardTests.swift; sourceTree = "<group>"; };
		6BC00F752603EDEA00C76453 /* DevelopmentTests.swift */ = {isa = PBXFileReference; lastKnownFileType = sourcecode.swift; path = DevelopmentTests.swift; sourceTree = "<group>"; };
		6BC00F772603EE0A00C76453 /* ExtensionTests.swift */ = {isa = PBXFileReference; lastKnownFileType = sourcecode.swift; path = ExtensionTests.swift; sourceTree = "<group>"; };
		6BC00F7A2603EE9B00C76453 /* DecodableDictionary.json */ = {isa = PBXFileReference; lastKnownFileType = text.json; path = DecodableDictionary.json; sourceTree = "<group>"; };
		6BC00F7C2603EEAF00C76453 /* DecodableString.json */ = {isa = PBXFileReference; lastKnownFileType = text.json; path = DecodableString.json; sourceTree = "<group>"; };
		6BC00F7E2603FB7000C76453 /* PerformanceTests.swift */ = {isa = PBXFileReference; lastKnownFileType = sourcecode.swift; path = PerformanceTests.swift; sourceTree = "<group>"; };
		6BC00F842604185600C76453 /* ProjectOrganizerUITests.xctest */ = {isa = PBXFileReference; explicitFileType = wrapper.cfbundle; includeInIndex = 0; path = ProjectOrganizerUITests.xctest; sourceTree = BUILT_PRODUCTS_DIR; };
		6BC00F862604185600C76453 /* ProjectOrganizerUITests.swift */ = {isa = PBXFileReference; lastKnownFileType = sourcecode.swift; path = ProjectOrganizerUITests.swift; sourceTree = "<group>"; };
		6BC00F882604185600C76453 /* Info.plist */ = {isa = PBXFileReference; lastKnownFileType = text.plist.xml; path = Info.plist; sourceTree = "<group>"; };
/* End PBXFileReference section */

/* Begin PBXFrameworksBuildPhase section */
		6BC00F0A2603DD9700C76453 /* Frameworks */ = {
			isa = PBXFrameworksBuildPhase;
			buildActionMask = 2147483647;
			files = (
			);
			runOnlyForDeploymentPostprocessing = 0;
		};
		6BC00F622603ED3700C76453 /* Frameworks */ = {
			isa = PBXFrameworksBuildPhase;
			buildActionMask = 2147483647;
			files = (
			);
			runOnlyForDeploymentPostprocessing = 0;
		};
		6BC00F812604185600C76453 /* Frameworks */ = {
			isa = PBXFrameworksBuildPhase;
			buildActionMask = 2147483647;
			files = (
			);
			runOnlyForDeploymentPostprocessing = 0;
		};
/* End PBXFrameworksBuildPhase section */

/* Begin PBXGroup section */
		6B31AB8F2621F404004E240A /* NoAssignment */ = {
			isa = PBXGroup;
			children = (
				6B31AB8D2621F120004E240A /* EditRecipeForMealView.swift */,
				6B31AB832620982C004E240A /* RecipesForTheWeekView.swift */,
				6B31AB852620BC62004E240A /* RecipesForTheWeekViewModel.swift */,
				6B31AB872620C0C6004E240A /* RecipesForThisWeekHeaderView.swift */,
				6B31AB892620D458004E240A /* EditRecipeForThisWeek.swift */,
			);
			path = NoAssignment;
			sourceTree = "<group>";
		};
		6B31ABA226223292004E240A /* WeekDayViewModel */ = {
			isa = PBXGroup;
			children = (
				6B31ABA3262232A5004E240A /* SaturdayListSectionViewModel.swift */,
				6B31ABA02622328F004E240A /* FridayListSectionViewModel.swift */,
				6B31AB9D2622327F004E240A /* ThursdayListSectionViewModel.swift */,
				6B31AB9A26223269004E240A /* WednesdayListSectionViewModel.swift */,
				6B31AB972622324F004E240A /* TuesdayListSectionViewModel.swift */,
				6B31AB9426223193004E240A /* MondayListSectionViewModel.swift */,
				6B31AB8B2621CB77004E240A /* SundayListSectionViewModel.swift */,
			);
			path = WeekDayViewModel;
			sourceTree = "<group>";
		};
		6B5850DE261A704F00DDA49F /* SavedRecipe */ = {
			isa = PBXGroup;
			children = (
				6B5850DF261A709000DDA49F /* SavedRecipeView.swift */,
				6B5850E1261A70EF00DDA49F /* SavedRecipeViewModel.swift */,
				6B5850E3261A7C5200DDA49F /* EditSavedRecipeView.swift */,
				6B5850E5261A7D6C00DDA49F /* SavedRecipeHeaderView.swift */,
				6B31ABA52623CFAB004E240A /* SavedItemRow.swift */,
				6B31ABA72623CFE1004E240A /* SavedItemRowViewModel.swift */,
			);
			path = SavedRecipe;
			sourceTree = "<group>";
		};
		6B5850E72620872500DDA49F /* MealsThisWeek */ = {
			isa = PBXGroup;
			children = (
				6B31ABA226223292004E240A /* WeekDayViewModel */,
				6B31AB8F2621F404004E240A /* NoAssignment */,
			);
			path = MealsThisWeek;
			sourceTree = "<group>";
		};
		6BC00F042603DD9700C76453 = {
			isa = PBXGroup;
			children = (
				6BC00F0F2603DD9700C76453 /* ProjectOrganizer */,
				6BC00F662603ED3700C76453 /* ProjectOrganizerTests */,
				6BC00F852604185600C76453 /* ProjectOrganizerUITests */,
				6BC00F0E2603DD9700C76453 /* Products */,
			);
			sourceTree = "<group>";
		};
		6BC00F0E2603DD9700C76453 /* Products */ = {
			isa = PBXGroup;
			children = (
				6BC00F0D2603DD9700C76453 /* ProjectOrganizer.app */,
				6BC00F652603ED3700C76453 /* ProjectOrganizerTests.xctest */,
				6BC00F842604185600C76453 /* ProjectOrganizerUITests.xctest */,
			);
			name = Products;
			sourceTree = "<group>";
		};
		6BC00F0F2603DD9700C76453 /* ProjectOrganizer */ = {
			isa = PBXGroup;
			children = (
				6BC00F222603E2EA00C76453 /* Activities */,
				6BC00F412603E4E000C76453 /* Localizations */,
				6BC00F4B2603E64200C76453 /* Extensions */,
				6BC00F3E2603E4A500C76453 /* Controllers */,
				6BC00F482603E61500C76453 /* Main.xcdatamodeld */,
				6BC00F102603DD9700C76453 /* ProjectOrganizerApp.swift */,
				6BC00F122603DD9700C76453 /* ContentView.swift */,
				6BC00F142603DD9900C76453 /* Assets.xcassets */,
				6BC00F5A2603E89400C76453 /* Colors.xcassets */,
				6BC00F192603DD9900C76453 /* Info.plist */,
				6BC00F162603DD9900C76453 /* Preview Content */,
			);
			path = ProjectOrganizer;
			sourceTree = "<group>";
		};
		6BC00F162603DD9900C76453 /* Preview Content */ = {
			isa = PBXGroup;
			children = (
				6BC00F172603DD9900C76453 /* Preview Assets.xcassets */,
			);
			path = "Preview Content";
			sourceTree = "<group>";
		};
		6BC00F222603E2EA00C76453 /* Activities */ = {
			isa = PBXGroup;
			children = (
				6B5850E72620872500DDA49F /* MealsThisWeek */,
				6B5850DE261A704F00DDA49F /* SavedRecipe */,
				6BC00F232603E30100C76453 /* Home */,
				6BC00F242603E30A00C76453 /* Recipes */,
				6BC00F252603E31100C76453 /* Awards */,
			);
			path = Activities;
			sourceTree = "<group>";
		};
		6BC00F232603E30100C76453 /* Home */ = {
			isa = PBXGroup;
			children = (
				6BC00F262603E33300C76453 /* HomeView.swift */,
				6B5850D12617A08000DDA49F /* HomeViewModel.swift */,
				6BB39E2F2625FA7800BEAAE7 /* HomeBackGroundView.swift */,
				6BC00F282603E34F00C76453 /* ItemListView.swift */,
				6BC00F2A2603E36200C76453 /* ProjectSummaryView.swift */,
			);
			path = Home;
			sourceTree = "<group>";
		};
		6BC00F242603E30A00C76453 /* Recipes */ = {
			isa = PBXGroup;
			children = (
				6BC00F2C2603E37D00C76453 /* ProjectsView.swift */,
				6B8EE78E2617776500F95B9A /* ProjectsViewModel.swift */,
				6BC00F2E2603E39100C76453 /* SelectSomethingView.swift */,
				6BC00F302603E39F00C76453 /* ProjectHeaderView.swift */,
				6BC00F322603E3AE00C76453 /* ItemRowView.swift */,
				6B5850D3261881B900DDA49F /* ItemRowViewModel.swift */,
				6BC00F342603E3BD00C76453 /* EditProjectView.swift */,
				6BC00F362603E3D000C76453 /* EditItemView.swift */,
				6B2A2B9626277F290024D307 /* CheckOffItemButton.swift */,
			);
			path = Recipes;
			sourceTree = "<group>";
		};
		6BC00F252603E31100C76453 /* Awards */ = {
			isa = PBXGroup;
			children = (
				6BC00F382603E45100C76453 /* AwardsView.swift */,
				6BC00F3A2603E46300C76453 /* Award.swift */,
				6BC00F3C2603E49700C76453 /* Awards.json */,
			);
			path = Awards;
			sourceTree = "<group>";
		};
		6BC00F3E2603E4A500C76453 /* Controllers */ = {
			isa = PBXGroup;
			children = (
				6BC00F3F2603E4C300C76453 /* DataController.swift */,
			);
			path = Controllers;
			sourceTree = "<group>";
		};
		6BC00F412603E4E000C76453 /* Localizations */ = {
			isa = PBXGroup;
			children = (
				6BC00F422603E4FF00C76453 /* Localizable.strings */,
				6BC00F462603E5C200C76453 /* Localizable.stringsdict */,
			);
			path = Localizations;
			sourceTree = "<group>";
		};
		6BC00F4B2603E64200C76453 /* Extensions */ = {
			isa = PBXGroup;
			children = (
				6BC00F4C2603E66000C76453 /* Bundle-Decodable.swift */,
				6BC00F4E2603E67900C76453 /* Blur-Extension.swift */,
				6BC00F502603E68800C76453 /* Sequence-Extension.swift */,
				6BC00F522603E69E00C76453 /* Binding-OnChange.swift */,
				6BC00F542603E7A000C76453 /* Color-Additions.swift */,
				6BC00F562603E7B900C76453 /* Projects-CoreDataHelpers.swift */,
				6BC00F582603E7C800C76453 /* Item-CoreDataHelpers.swift */,
			);
			path = Extensions;
			sourceTree = "<group>";
		};
		6BC00F662603ED3700C76453 /* ProjectOrganizerTests */ = {
			isa = PBXGroup;
			children = (
				6BC00F792603EE7400C76453 /* TestFixtures */,
				6BC00F672603ED3700C76453 /* ProjectOrganizerTests.swift */,
				6BC00F6F2603ED9100C76453 /* AssetTest.swift */,
				6BC00F712603EDB000C76453 /* ProjectsTest.swift */,
				6BC00F732603EDD200C76453 /* AwardTests.swift */,
				6BC00F752603EDEA00C76453 /* DevelopmentTests.swift */,
				6BC00F772603EE0A00C76453 /* ExtensionTests.swift */,
				6BC00F7E2603FB7000C76453 /* PerformanceTests.swift */,
				6BC00F692603ED3700C76453 /* Info.plist */,
			);
			path = ProjectOrganizerTests;
			sourceTree = "<group>";
		};
		6BC00F792603EE7400C76453 /* TestFixtures */ = {
			isa = PBXGroup;
			children = (
				6BC00F7A2603EE9B00C76453 /* DecodableDictionary.json */,
				6BC00F7C2603EEAF00C76453 /* DecodableString.json */,
			);
			path = TestFixtures;
			sourceTree = "<group>";
		};
		6BC00F852604185600C76453 /* ProjectOrganizerUITests */ = {
			isa = PBXGroup;
			children = (
				6BC00F862604185600C76453 /* ProjectOrganizerUITests.swift */,
				6BC00F882604185600C76453 /* Info.plist */,
			);
			path = ProjectOrganizerUITests;
			sourceTree = "<group>";
		};
/* End PBXGroup section */

/* Begin PBXNativeTarget section */
		6BC00F0C2603DD9700C76453 /* ProjectOrganizer */ = {
			isa = PBXNativeTarget;
			buildConfigurationList = 6BC00F1C2603DD9900C76453 /* Build configuration list for PBXNativeTarget "ProjectOrganizer" */;
			buildPhases = (
				6BC00F092603DD9700C76453 /* Sources */,
				6BC00F0A2603DD9700C76453 /* Frameworks */,
				6BC00F0B2603DD9700C76453 /* Resources */,
			);
			buildRules = (
			);
			dependencies = (
			);
			name = ProjectOrganizer;
			productName = ProjectOrganizer;
			productReference = 6BC00F0D2603DD9700C76453 /* ProjectOrganizer.app */;
			productType = "com.apple.product-type.application";
		};
		6BC00F642603ED3700C76453 /* ProjectOrganizerTests */ = {
			isa = PBXNativeTarget;
			buildConfigurationList = 6BC00F6C2603ED3800C76453 /* Build configuration list for PBXNativeTarget "ProjectOrganizerTests" */;
			buildPhases = (
				6BC00F612603ED3700C76453 /* Sources */,
				6BC00F622603ED3700C76453 /* Frameworks */,
				6BC00F632603ED3700C76453 /* Resources */,
			);
			buildRules = (
			);
			dependencies = (
				6BC00F6B2603ED3700C76453 /* PBXTargetDependency */,
			);
			name = ProjectOrganizerTests;
			productName = ProjectOrganizerTests;
			productReference = 6BC00F652603ED3700C76453 /* ProjectOrganizerTests.xctest */;
			productType = "com.apple.product-type.bundle.unit-test";
		};
		6BC00F832604185600C76453 /* ProjectOrganizerUITests */ = {
			isa = PBXNativeTarget;
			buildConfigurationList = 6BC00F8B2604185600C76453 /* Build configuration list for PBXNativeTarget "ProjectOrganizerUITests" */;
			buildPhases = (
				6BC00F802604185600C76453 /* Sources */,
				6BC00F812604185600C76453 /* Frameworks */,
				6BC00F822604185600C76453 /* Resources */,
			);
			buildRules = (
			);
			dependencies = (
				6BC00F8A2604185600C76453 /* PBXTargetDependency */,
			);
			name = ProjectOrganizerUITests;
			productName = ProjectOrganizerUITests;
			productReference = 6BC00F842604185600C76453 /* ProjectOrganizerUITests.xctest */;
			productType = "com.apple.product-type.bundle.ui-testing";
		};
/* End PBXNativeTarget section */

/* Begin PBXProject section */
		6BC00F052603DD9700C76453 /* Project object */ = {
			isa = PBXProject;
			attributes = {
				LastSwiftUpdateCheck = 1250;
				LastUpgradeCheck = 1250;
				TargetAttributes = {
					6BC00F0C2603DD9700C76453 = {
						CreatedOnToolsVersion = 12.5;
					};
					6BC00F642603ED3700C76453 = {
						CreatedOnToolsVersion = 12.5;
						TestTargetID = 6BC00F0C2603DD9700C76453;
					};
					6BC00F832604185600C76453 = {
						CreatedOnToolsVersion = 12.5;
						TestTargetID = 6BC00F0C2603DD9700C76453;
					};
				};
			};
			buildConfigurationList = 6BC00F082603DD9700C76453 /* Build configuration list for PBXProject "ProjectOrganizer" */;
			compatibilityVersion = "Xcode 9.3";
			developmentRegion = en;
			hasScannedForEncodings = 0;
			knownRegions = (
				en,
				Base,
			);
			mainGroup = 6BC00F042603DD9700C76453;
			productRefGroup = 6BC00F0E2603DD9700C76453 /* Products */;
			projectDirPath = "";
			projectRoot = "";
			targets = (
				6BC00F0C2603DD9700C76453 /* ProjectOrganizer */,
				6BC00F642603ED3700C76453 /* ProjectOrganizerTests */,
				6BC00F832604185600C76453 /* ProjectOrganizerUITests */,
			);
		};
/* End PBXProject section */

/* Begin PBXResourcesBuildPhase section */
		6BC00F0B2603DD9700C76453 /* Resources */ = {
			isa = PBXResourcesBuildPhase;
			buildActionMask = 2147483647;
			files = (
				6BC00F182603DD9900C76453 /* Preview Assets.xcassets in Resources */,
				6BC00F432603E4FF00C76453 /* Localizable.strings in Resources */,
				6BC00F3D2603E49700C76453 /* Awards.json in Resources */,
				6BC00F5B2603E89400C76453 /* Colors.xcassets in Resources */,
				6BC00F472603E5C200C76453 /* Localizable.stringsdict in Resources */,
				6BC00F152603DD9900C76453 /* Assets.xcassets in Resources */,
			);
			runOnlyForDeploymentPostprocessing = 0;
		};
		6BC00F632603ED3700C76453 /* Resources */ = {
			isa = PBXResourcesBuildPhase;
			buildActionMask = 2147483647;
			files = (
				6BC00F7B2603EE9B00C76453 /* DecodableDictionary.json in Resources */,
				6BC00F7D2603EEAF00C76453 /* DecodableString.json in Resources */,
			);
			runOnlyForDeploymentPostprocessing = 0;
		};
		6BC00F822604185600C76453 /* Resources */ = {
			isa = PBXResourcesBuildPhase;
			buildActionMask = 2147483647;
			files = (
			);
			runOnlyForDeploymentPostprocessing = 0;
		};
/* End PBXResourcesBuildPhase section */

/* Begin PBXSourcesBuildPhase section */
		6BC00F092603DD9700C76453 /* Sources */ = {
			isa = PBXSourcesBuildPhase;
			buildActionMask = 2147483647;
			files = (
				6B5850E4261A7C5200DDA49F /* EditSavedRecipeView.swift in Sources */,
				6BC00F2D2603E37D00C76453 /* ProjectsView.swift in Sources */,
				6BC00F272603E33300C76453 /* HomeView.swift in Sources */,
				6B31AB8E2621F120004E240A /* EditRecipeForMealView.swift in Sources */,
				6B31AB9526223193004E240A /* MondayListSectionViewModel.swift in Sources */,
				6BC00F332603E3AE00C76453 /* ItemRowView.swift in Sources */,
				6B31ABA4262232A5004E240A /* SaturdayListSectionViewModel.swift in Sources */,
				6B31ABA62623CFAB004E240A /* SavedItemRow.swift in Sources */,
				6B8EE78F2617776500F95B9A /* ProjectsViewModel.swift in Sources */,
				6BC00F532603E69E00C76453 /* Binding-OnChange.swift in Sources */,
				6BC00F4F2603E67900C76453 /* Blur-Extension.swift in Sources */,
				6BC00F2B2603E36200C76453 /* ProjectSummaryView.swift in Sources */,
				6BC00F2F2603E39100C76453 /* SelectSomethingView.swift in Sources */,
				6BC00F572603E7B900C76453 /* Projects-CoreDataHelpers.swift in Sources */,
				6B5850D4261881B900DDA49F /* ItemRowViewModel.swift in Sources */,
				6B31AB8A2620D458004E240A /* EditRecipeForThisWeek.swift in Sources */,
				6BC00F552603E7A000C76453 /* Color-Additions.swift in Sources */,
				6B31AB9B26223269004E240A /* WednesdayListSectionViewModel.swift in Sources */,
				6B5850E2261A70EF00DDA49F /* SavedRecipeViewModel.swift in Sources */,
				6B31AB982622324F004E240A /* TuesdayListSectionViewModel.swift in Sources */,
				6B5850D22617A08000DDA49F /* HomeViewModel.swift in Sources */,
				6BC00F3B2603E46300C76453 /* Award.swift in Sources */,
				6B2A2B9726277F290024D307 /* CheckOffItemButton.swift in Sources */,
				6BC00F132603DD9700C76453 /* ContentView.swift in Sources */,
				6B31AB842620982C004E240A /* RecipesForTheWeekView.swift in Sources */,
				6BC00F402603E4C300C76453 /* DataController.swift in Sources */,
				6B31AB862620BC62004E240A /* RecipesForTheWeekViewModel.swift in Sources */,
				6B31AB882620C0C6004E240A /* RecipesForThisWeekHeaderView.swift in Sources */,
				6BC00F372603E3D000C76453 /* EditItemView.swift in Sources */,
				6BC00F4A2603E61500C76453 /* Main.xcdatamodeld in Sources */,
				6BC00F312603E39F00C76453 /* ProjectHeaderView.swift in Sources */,
				6B31AB8C2621CB77004E240A /* SundayListSectionViewModel.swift in Sources */,
				6BC00F512603E68800C76453 /* Sequence-Extension.swift in Sources */,
				6BC00F4D2603E66000C76453 /* Bundle-Decodable.swift in Sources */,
				6B31AB9E2622327F004E240A /* ThursdayListSectionViewModel.swift in Sources */,
				6B5850E0261A709000DDA49F /* SavedRecipeView.swift in Sources */,
				6BB39E302625FA7800BEAAE7 /* HomeBackGroundView.swift in Sources */,
				6BC00F392603E45100C76453 /* AwardsView.swift in Sources */,
				6B31ABA82623CFE1004E240A /* SavedItemRowViewModel.swift in Sources */,
				6BC00F112603DD9700C76453 /* ProjectOrganizerApp.swift in Sources */,
				6BC00F352603E3BD00C76453 /* EditProjectView.swift in Sources */,
				6B5850E6261A7D6C00DDA49F /* SavedRecipeHeaderView.swift in Sources */,
				6BC00F292603E34F00C76453 /* ItemListView.swift in Sources */,
				6B31ABA12622328F004E240A /* FridayListSectionViewModel.swift in Sources */,
				6BC00F592603E7C800C76453 /* Item-CoreDataHelpers.swift in Sources */,
			);
			runOnlyForDeploymentPostprocessing = 0;
		};
		6BC00F612603ED3700C76453 /* Sources */ = {
			isa = PBXSourcesBuildPhase;
			buildActionMask = 2147483647;
			files = (
				6BC00F7F2603FB7000C76453 /* PerformanceTests.swift in Sources */,
				6BC00F702603ED9100C76453 /* AssetTest.swift in Sources */,
				6BC00F742603EDD200C76453 /* AwardTests.swift in Sources */,
				6BC00F722603EDB000C76453 /* ProjectsTest.swift in Sources */,
				6BC00F782603EE0A00C76453 /* ExtensionTests.swift in Sources */,
				6BC00F682603ED3700C76453 /* ProjectOrganizerTests.swift in Sources */,
				6BC00F762603EDEA00C76453 /* DevelopmentTests.swift in Sources */,
			);
			runOnlyForDeploymentPostprocessing = 0;
		};
		6BC00F802604185600C76453 /* Sources */ = {
			isa = PBXSourcesBuildPhase;
			buildActionMask = 2147483647;
			files = (
				6BC00F872604185600C76453 /* ProjectOrganizerUITests.swift in Sources */,
			);
			runOnlyForDeploymentPostprocessing = 0;
		};
/* End PBXSourcesBuildPhase section */

/* Begin PBXTargetDependency section */
		6BC00F6B2603ED3700C76453 /* PBXTargetDependency */ = {
			isa = PBXTargetDependency;
			target = 6BC00F0C2603DD9700C76453 /* ProjectOrganizer */;
			targetProxy = 6BC00F6A2603ED3700C76453 /* PBXContainerItemProxy */;
		};
		6BC00F8A2604185600C76453 /* PBXTargetDependency */ = {
			isa = PBXTargetDependency;
			target = 6BC00F0C2603DD9700C76453 /* ProjectOrganizer */;
			targetProxy = 6BC00F892604185600C76453 /* PBXContainerItemProxy */;
		};
/* End PBXTargetDependency section */

/* Begin XCBuildConfiguration section */
		6BC00F1A2603DD9900C76453 /* Debug */ = {
			isa = XCBuildConfiguration;
			buildSettings = {
				ALWAYS_SEARCH_USER_PATHS = NO;
				CLANG_ANALYZER_NONNULL = YES;
				CLANG_ANALYZER_NUMBER_OBJECT_CONVERSION = YES_AGGRESSIVE;
				CLANG_CXX_LANGUAGE_STANDARD = "gnu++14";
				CLANG_CXX_LIBRARY = "libc++";
				CLANG_ENABLE_MODULES = YES;
				CLANG_ENABLE_OBJC_ARC = YES;
				CLANG_ENABLE_OBJC_WEAK = YES;
				CLANG_WARN_BLOCK_CAPTURE_AUTORELEASING = YES;
				CLANG_WARN_BOOL_CONVERSION = YES;
				CLANG_WARN_COMMA = YES;
				CLANG_WARN_CONSTANT_CONVERSION = YES;
				CLANG_WARN_DEPRECATED_OBJC_IMPLEMENTATIONS = YES;
				CLANG_WARN_DIRECT_OBJC_ISA_USAGE = YES_ERROR;
				CLANG_WARN_DOCUMENTATION_COMMENTS = YES;
				CLANG_WARN_EMPTY_BODY = YES;
				CLANG_WARN_ENUM_CONVERSION = YES;
				CLANG_WARN_INFINITE_RECURSION = YES;
				CLANG_WARN_INT_CONVERSION = YES;
				CLANG_WARN_NON_LITERAL_NULL_CONVERSION = YES;
				CLANG_WARN_OBJC_IMPLICIT_RETAIN_SELF = YES;
				CLANG_WARN_OBJC_LITERAL_CONVERSION = YES;
				CLANG_WARN_OBJC_ROOT_CLASS = YES_ERROR;
				CLANG_WARN_QUOTED_INCLUDE_IN_FRAMEWORK_HEADER = YES;
				CLANG_WARN_RANGE_LOOP_ANALYSIS = YES;
				CLANG_WARN_STRICT_PROTOTYPES = YES;
				CLANG_WARN_SUSPICIOUS_MOVE = YES;
				CLANG_WARN_UNGUARDED_AVAILABILITY = YES_AGGRESSIVE;
				CLANG_WARN_UNREACHABLE_CODE = YES;
				CLANG_WARN__DUPLICATE_METHOD_MATCH = YES;
				COPY_PHASE_STRIP = NO;
				DEBUG_INFORMATION_FORMAT = dwarf;
				ENABLE_STRICT_OBJC_MSGSEND = YES;
				ENABLE_TESTABILITY = YES;
				GCC_C_LANGUAGE_STANDARD = gnu11;
				GCC_DYNAMIC_NO_PIC = NO;
				GCC_NO_COMMON_BLOCKS = YES;
				GCC_OPTIMIZATION_LEVEL = 0;
				GCC_PREPROCESSOR_DEFINITIONS = (
					"DEBUG=1",
					"$(inherited)",
				);
				GCC_WARN_64_TO_32_BIT_CONVERSION = YES;
				GCC_WARN_ABOUT_RETURN_TYPE = YES_ERROR;
				GCC_WARN_UNDECLARED_SELECTOR = YES;
				GCC_WARN_UNINITIALIZED_AUTOS = YES_AGGRESSIVE;
				GCC_WARN_UNUSED_FUNCTION = YES;
				GCC_WARN_UNUSED_VARIABLE = YES;
				IPHONEOS_DEPLOYMENT_TARGET = 14.5;
				MTL_ENABLE_DEBUG_INFO = INCLUDE_SOURCE;
				MTL_FAST_MATH = YES;
				ONLY_ACTIVE_ARCH = YES;
				SDKROOT = iphoneos;
				SWIFT_ACTIVE_COMPILATION_CONDITIONS = DEBUG;
				SWIFT_OPTIMIZATION_LEVEL = "-Onone";
			};
			name = Debug;
		};
		6BC00F1B2603DD9900C76453 /* Release */ = {
			isa = XCBuildConfiguration;
			buildSettings = {
				ALWAYS_SEARCH_USER_PATHS = NO;
				CLANG_ANALYZER_NONNULL = YES;
				CLANG_ANALYZER_NUMBER_OBJECT_CONVERSION = YES_AGGRESSIVE;
				CLANG_CXX_LANGUAGE_STANDARD = "gnu++14";
				CLANG_CXX_LIBRARY = "libc++";
				CLANG_ENABLE_MODULES = YES;
				CLANG_ENABLE_OBJC_ARC = YES;
				CLANG_ENABLE_OBJC_WEAK = YES;
				CLANG_WARN_BLOCK_CAPTURE_AUTORELEASING = YES;
				CLANG_WARN_BOOL_CONVERSION = YES;
				CLANG_WARN_COMMA = YES;
				CLANG_WARN_CONSTANT_CONVERSION = YES;
				CLANG_WARN_DEPRECATED_OBJC_IMPLEMENTATIONS = YES;
				CLANG_WARN_DIRECT_OBJC_ISA_USAGE = YES_ERROR;
				CLANG_WARN_DOCUMENTATION_COMMENTS = YES;
				CLANG_WARN_EMPTY_BODY = YES;
				CLANG_WARN_ENUM_CONVERSION = YES;
				CLANG_WARN_INFINITE_RECURSION = YES;
				CLANG_WARN_INT_CONVERSION = YES;
				CLANG_WARN_NON_LITERAL_NULL_CONVERSION = YES;
				CLANG_WARN_OBJC_IMPLICIT_RETAIN_SELF = YES;
				CLANG_WARN_OBJC_LITERAL_CONVERSION = YES;
				CLANG_WARN_OBJC_ROOT_CLASS = YES_ERROR;
				CLANG_WARN_QUOTED_INCLUDE_IN_FRAMEWORK_HEADER = YES;
				CLANG_WARN_RANGE_LOOP_ANALYSIS = YES;
				CLANG_WARN_STRICT_PROTOTYPES = YES;
				CLANG_WARN_SUSPICIOUS_MOVE = YES;
				CLANG_WARN_UNGUARDED_AVAILABILITY = YES_AGGRESSIVE;
				CLANG_WARN_UNREACHABLE_CODE = YES;
				CLANG_WARN__DUPLICATE_METHOD_MATCH = YES;
				COPY_PHASE_STRIP = NO;
				DEBUG_INFORMATION_FORMAT = "dwarf-with-dsym";
				ENABLE_NS_ASSERTIONS = NO;
				ENABLE_STRICT_OBJC_MSGSEND = YES;
				GCC_C_LANGUAGE_STANDARD = gnu11;
				GCC_NO_COMMON_BLOCKS = YES;
				GCC_WARN_64_TO_32_BIT_CONVERSION = YES;
				GCC_WARN_ABOUT_RETURN_TYPE = YES_ERROR;
				GCC_WARN_UNDECLARED_SELECTOR = YES;
				GCC_WARN_UNINITIALIZED_AUTOS = YES_AGGRESSIVE;
				GCC_WARN_UNUSED_FUNCTION = YES;
				GCC_WARN_UNUSED_VARIABLE = YES;
				IPHONEOS_DEPLOYMENT_TARGET = 14.5;
				MTL_ENABLE_DEBUG_INFO = NO;
				MTL_FAST_MATH = YES;
				SDKROOT = iphoneos;
				SWIFT_COMPILATION_MODE = wholemodule;
				SWIFT_OPTIMIZATION_LEVEL = "-O";
				VALIDATE_PRODUCT = YES;
			};
			name = Release;
		};
		6BC00F1D2603DD9900C76453 /* Debug */ = {
			isa = XCBuildConfiguration;
			buildSettings = {
				ASSETCATALOG_COMPILER_APPICON_NAME = AppIcon;
				ASSETCATALOG_COMPILER_GLOBAL_ACCENT_COLOR_NAME = AccentColor;
				CODE_SIGN_STYLE = Automatic;
				DEVELOPMENT_ASSET_PATHS = "\"ProjectOrganizer/Preview Content\"";
				DEVELOPMENT_TEAM = D47C2NZJN5;
				ENABLE_PREVIEWS = YES;
				INFOPLIST_FILE = ProjectOrganizer/Info.plist;
				IPHONEOS_DEPLOYMENT_TARGET = 14.0;
				LD_RUNPATH_SEARCH_PATHS = (
					"$(inherited)",
					"@executable_path/Frameworks",
				);
				PRODUCT_BUNDLE_IDENTIFIER = Matthew.Garlington.ProjectOrganizer;
				PRODUCT_NAME = "$(TARGET_NAME)";
				SWIFT_VERSION = 5.0;
				TARGETED_DEVICE_FAMILY = "1,2";
			};
			name = Debug;
		};
		6BC00F1E2603DD9900C76453 /* Release */ = {
			isa = XCBuildConfiguration;
			buildSettings = {
				ASSETCATALOG_COMPILER_APPICON_NAME = AppIcon;
				ASSETCATALOG_COMPILER_GLOBAL_ACCENT_COLOR_NAME = AccentColor;
				CODE_SIGN_STYLE = Automatic;
				DEVELOPMENT_ASSET_PATHS = "\"ProjectOrganizer/Preview Content\"";
				DEVELOPMENT_TEAM = D47C2NZJN5;
				ENABLE_PREVIEWS = YES;
				INFOPLIST_FILE = ProjectOrganizer/Info.plist;
				IPHONEOS_DEPLOYMENT_TARGET = 14.0;
				LD_RUNPATH_SEARCH_PATHS = (
					"$(inherited)",
					"@executable_path/Frameworks",
				);
				PRODUCT_BUNDLE_IDENTIFIER = Matthew.Garlington.ProjectOrganizer;
				PRODUCT_NAME = "$(TARGET_NAME)";
				SWIFT_VERSION = 5.0;
				TARGETED_DEVICE_FAMILY = "1,2";
			};
			name = Release;
		};
		6BC00F6D2603ED3800C76453 /* Debug */ = {
			isa = XCBuildConfiguration;
			buildSettings = {
				BUNDLE_LOADER = "$(TEST_HOST)";
				CODE_SIGN_STYLE = Automatic;
				DEVELOPMENT_TEAM = D47C2NZJN5;
				INFOPLIST_FILE = ProjectOrganizerTests/Info.plist;
				LD_RUNPATH_SEARCH_PATHS = (
					"$(inherited)",
					"@executable_path/Frameworks",
					"@loader_path/Frameworks",
				);
				PRODUCT_BUNDLE_IDENTIFIER = Matthew.Garlington.ProjectOrganizerTests;
				PRODUCT_NAME = "$(TARGET_NAME)";
				SWIFT_VERSION = 5.0;
				TARGETED_DEVICE_FAMILY = "1,2";
				TEST_HOST = "$(BUILT_PRODUCTS_DIR)/ProjectOrganizer.app/ProjectOrganizer";
			};
			name = Debug;
		};
		6BC00F6E2603ED3800C76453 /* Release */ = {
			isa = XCBuildConfiguration;
			buildSettings = {
				BUNDLE_LOADER = "$(TEST_HOST)";
				CODE_SIGN_STYLE = Automatic;
				DEVELOPMENT_TEAM = D47C2NZJN5;
				INFOPLIST_FILE = ProjectOrganizerTests/Info.plist;
				LD_RUNPATH_SEARCH_PATHS = (
					"$(inherited)",
					"@executable_path/Frameworks",
					"@loader_path/Frameworks",
				);
				PRODUCT_BUNDLE_IDENTIFIER = Matthew.Garlington.ProjectOrganizerTests;
				PRODUCT_NAME = "$(TARGET_NAME)";
				SWIFT_VERSION = 5.0;
				TARGETED_DEVICE_FAMILY = "1,2";
				TEST_HOST = "$(BUILT_PRODUCTS_DIR)/ProjectOrganizer.app/ProjectOrganizer";
			};
			name = Release;
		};
		6BC00F8C2604185600C76453 /* Debug */ = {
			isa = XCBuildConfiguration;
			buildSettings = {
				CODE_SIGN_STYLE = Automatic;
				DEVELOPMENT_TEAM = D47C2NZJN5;
				INFOPLIST_FILE = ProjectOrganizerUITests/Info.plist;
				LD_RUNPATH_SEARCH_PATHS = (
					"$(inherited)",
					"@executable_path/Frameworks",
					"@loader_path/Frameworks",
				);
				PRODUCT_BUNDLE_IDENTIFIER = Matthew.Garlington.ProjectOrganizerUITests;
				PRODUCT_NAME = "$(TARGET_NAME)";
				SWIFT_VERSION = 5.0;
				TARGETED_DEVICE_FAMILY = "1,2";
				TEST_TARGET_NAME = ProjectOrganizer;
			};
			name = Debug;
		};
		6BC00F8D2604185600C76453 /* Release */ = {
			isa = XCBuildConfiguration;
			buildSettings = {
				CODE_SIGN_STYLE = Automatic;
				DEVELOPMENT_TEAM = D47C2NZJN5;
				INFOPLIST_FILE = ProjectOrganizerUITests/Info.plist;
				LD_RUNPATH_SEARCH_PATHS = (
					"$(inherited)",
					"@executable_path/Frameworks",
					"@loader_path/Frameworks",
				);
				PRODUCT_BUNDLE_IDENTIFIER = Matthew.Garlington.ProjectOrganizerUITests;
				PRODUCT_NAME = "$(TARGET_NAME)";
				SWIFT_VERSION = 5.0;
				TARGETED_DEVICE_FAMILY = "1,2";
				TEST_TARGET_NAME = ProjectOrganizer;
			};
			name = Release;
		};
/* End XCBuildConfiguration section */

/* Begin XCConfigurationList section */
		6BC00F082603DD9700C76453 /* Build configuration list for PBXProject "ProjectOrganizer" */ = {
			isa = XCConfigurationList;
			buildConfigurations = (
				6BC00F1A2603DD9900C76453 /* Debug */,
				6BC00F1B2603DD9900C76453 /* Release */,
			);
			defaultConfigurationIsVisible = 0;
			defaultConfigurationName = Release;
		};
		6BC00F1C2603DD9900C76453 /* Build configuration list for PBXNativeTarget "ProjectOrganizer" */ = {
			isa = XCConfigurationList;
			buildConfigurations = (
				6BC00F1D2603DD9900C76453 /* Debug */,
				6BC00F1E2603DD9900C76453 /* Release */,
			);
			defaultConfigurationIsVisible = 0;
			defaultConfigurationName = Release;
		};
		6BC00F6C2603ED3800C76453 /* Build configuration list for PBXNativeTarget "ProjectOrganizerTests" */ = {
			isa = XCConfigurationList;
			buildConfigurations = (
				6BC00F6D2603ED3800C76453 /* Debug */,
				6BC00F6E2603ED3800C76453 /* Release */,
			);
			defaultConfigurationIsVisible = 0;
			defaultConfigurationName = Release;
		};
		6BC00F8B2604185600C76453 /* Build configuration list for PBXNativeTarget "ProjectOrganizerUITests" */ = {
			isa = XCConfigurationList;
			buildConfigurations = (
				6BC00F8C2604185600C76453 /* Debug */,
				6BC00F8D2604185600C76453 /* Release */,
			);
			defaultConfigurationIsVisible = 0;
			defaultConfigurationName = Release;
		};
/* End XCConfigurationList section */

/* Begin XCVersionGroup section */
		6BC00F482603E61500C76453 /* Main.xcdatamodeld */ = {
			isa = XCVersionGroup;
			children = (
				6BC00F492603E61500C76453 /* Main.xcdatamodel */,
			);
			currentVersion = 6BC00F492603E61500C76453 /* Main.xcdatamodel */;
			path = Main.xcdatamodeld;
			sourceTree = "<group>";
			versionGroupType = wrapper.xcdatamodel;
		};
/* End XCVersionGroup section */
	};
	rootObject = 6BC00F052603DD9700C76453 /* Project object */;
}
